
Microsoft Visual Studio Solution File, Format Version 12.00
# Visual Studio Version 17
VisualStudioVersion = 17.5.33516.290
MinimumVisualStudioVersion = 10.0.40219.1
Project("{FAE04EC0-301F-11D3-BF4B-00C04F79EFBC}") = "VirtualPortSerial", "VirtualPortSerial.csproj", "{8D2751FC-1AC1-474B-BF11-1925F2790254}"
EndProject
Global
	GlobalSection(SolutionConfigurationPlatforms) = preSolution
		Debug|Any CPU = Debug|Any CPU
		Release|Any CPU = Release|Any CPU
	EndGlobalSection
	GlobalSection(ProjectConfigurationPlatforms) = postSolution
		{8D2751FC-1AC1-474B-BF11-1925F2790254}.Debug|Any CPU.ActiveCfg = Debug|Any CPU
		{8D2751FC-1AC1-474B-BF11-1925F2790254}.Debug|Any CPU.Build.0 = Debug|Any CPU
		{8D2751FC-1AC1-474B-BF11-1925F2790254}.Release|Any CPU.ActiveCfg = Release|Any CPU
		{8D2751FC-1AC1-474B-BF11-1925F2790254}.Release|Any CPU.Build.0 = Release|Any CPU
	EndGlobalSection
	GlobalSection(SolutionProperties) = preSolution
		HideSolutionNode = FALSE
	EndGlobalSection
	GlobalSection(ExtensibilityGlobals) = postSolution
		SolutionGuid = {256CD340-932C-41B7-9E9F-05A2E85D8518}
	EndGlobalSection
EndGlobal
